
Microsoft Visual Studio Solution File, Format Version 12.00
# Visual Studio Version 16
VisualStudioVersion = 16.0.30309.148
MinimumVisualStudioVersion = 10.0.40219.1
Project("{9A19103F-16F7-4668-BE54-9A1E7A4F7556}") = "TaskTriangle", "TaskTriangle\TaskTriangle.csproj", "{F1AC6CBA-1B42-42C3-8475-E8A1105E6D85}"
EndProject
Project("{FAE04EC0-301F-11D3-BF4B-00C04F79EFBC}") = "TaskTriangleTests", "Tests\TaskTriangleTests\TaskTriangleTests.csproj", "{7411F9CE-42C8-48DB-B85F-93B33A6D8AE8}"
EndProject
Global
	GlobalSection(SolutionConfigurationPlatforms) = preSolution
		Debug|Any CPU = Debug|Any CPU
		Release|Any CPU = Release|Any CPU
	EndGlobalSection
	GlobalSection(ProjectConfigurationPlatforms) = postSolution
		{F1AC6CBA-1B42-42C3-8475-E8A1105E6D85}.Debug|Any CPU.ActiveCfg = Debug|Any CPU
		{F1AC6CBA-1B42-42C3-8475-E8A1105E6D85}.Debug|Any CPU.Build.0 = Debug|Any CPU
		{F1AC6CBA-1B42-42C3-8475-E8A1105E6D85}.Release|Any CPU.ActiveCfg = Release|Any CPU
		{F1AC6CBA-1B42-42C3-8475-E8A1105E6D85}.Release|Any CPU.Build.0 = Release|Any CPU
		{7411F9CE-42C8-48DB-B85F-93B33A6D8AE8}.Debug|Any CPU.ActiveCfg = Debug|Any CPU
		{7411F9CE-42C8-48DB-B85F-93B33A6D8AE8}.Debug|Any CPU.Build.0 = Debug|Any CPU
		{7411F9CE-42C8-48DB-B85F-93B33A6D8AE8}.Release|Any CPU.ActiveCfg = Release|Any CPU
		{7411F9CE-42C8-48DB-B85F-93B33A6D8AE8}.Release|Any CPU.Build.0 = Release|Any CPU
	EndGlobalSection
	GlobalSection(SolutionProperties) = preSolution
		HideSolutionNode = FALSE
	EndGlobalSection
	GlobalSection(ExtensibilityGlobals) = postSolution
		SolutionGuid = {A231B7E0-E9FD-4AB7-BF9F-36FBAE5DAF27}
	EndGlobalSection
EndGlobal
